
Microsoft Visual Studio Solution File, Format Version 12.00
# Visual Studio 15
VisualStudioVersion = 15.0.27130.2020
MinimumVisualStudioVersion = 10.0.40219.1
Project("{8BC9CEB8-8B4A-11D0-8D11-00A0C91BC942}") = "Attempt 1", "Attempt1.vcxproj", "{FECE120D-1285-32A0-BDFC-6FFF4B04D800}"
EndProject
Project("{2150E333-8FDC-42A3-9474-1A3956D46DE8}") = "Solution Items", "Solution Items", "{FBFCC405-6041-4892-A0D7-BBF400780242}"
EndProject
Global
	GlobalSection(SolutionConfigurationPlatforms) = preSolution
		Debug|x64 = Debug|x64
		Debug|x86 = Debug|x86
		MinSizeRel|x64 = MinSizeRel|x64
		MinSizeRel|x86 = MinSizeRel|x86
		Release|x64 = Release|x64
		Release|x86 = Release|x86
		RelWithDebInfo|x64 = RelWithDebInfo|x64
		RelWithDebInfo|x86 = RelWithDebInfo|x86
	EndGlobalSection
	GlobalSection(ProjectConfigurationPlatforms) = postSolution
		{FECE120D-1285-32A0-BDFC-6FFF4B04D800}.Debug|x64.ActiveCfg = Debug|x64
		{FECE120D-1285-32A0-BDFC-6FFF4B04D800}.Debug|x64.Build.0 = Debug|x64
		{FECE120D-1285-32A0-BDFC-6FFF4B04D800}.Debug|x86.ActiveCfg = Debug|Win32
		{FECE120D-1285-32A0-BDFC-6FFF4B04D800}.Debug|x86.Build.0 = Debug|Win32
		{FECE120D-1285-32A0-BDFC-6FFF4B04D800}.MinSizeRel|x64.ActiveCfg = MinSizeRel|x64
		{FECE120D-1285-32A0-BDFC-6FFF4B04D800}.MinSizeRel|x64.Build.0 = MinSizeRel|x64
		{FECE120D-1285-32A0-BDFC-6FFF4B04D800}.MinSizeRel|x86.ActiveCfg = MinSizeRel|Win32
		{FECE120D-1285-32A0-BDFC-6FFF4B04D800}.MinSizeRel|x86.Build.0 = MinSizeRel|Win32
		{FECE120D-1285-32A0-BDFC-6FFF4B04D800}.Release|x64.ActiveCfg = Release|x64
		{FECE120D-1285-32A0-BDFC-6FFF4B04D800}.Release|x64.Build.0 = Release|x64
		{FECE120D-1285-32A0-BDFC-6FFF4B04D800}.Release|x86.ActiveCfg = Release|Win32
		{FECE120D-1285-32A0-BDFC-6FFF4B04D800}.Release|x86.Build.0 = Release|Win32
		{FECE120D-1285-32A0-BDFC-6FFF4B04D800}.RelWithDebInfo|x64.ActiveCfg = RelWithDebInfo|x64
		{FECE120D-1285-32A0-BDFC-6FFF4B04D800}.RelWithDebInfo|x64.Build.0 = RelWithDebInfo|x64
		{FECE120D-1285-32A0-BDFC-6FFF4B04D800}.RelWithDebInfo|x86.ActiveCfg = RelWithDebInfo|Win32
		{FECE120D-1285-32A0-BDFC-6FFF4B04D800}.RelWithDebInfo|x86.Build.0 = RelWithDebInfo|Win32
	EndGlobalSection
	GlobalSection(SolutionProperties) = preSolution
		HideSolutionNode = FALSE
	EndGlobalSection
	GlobalSection(ExtensibilityGlobals) = postSolution
		SolutionGuid = {A915E081-046B-4AD2-A0F0-8280255BFD24}
	EndGlobalSection
EndGlobal
